
Microsoft Visual Studio Solution File, Format Version 12.00
# Visual Studio Version 17
VisualStudioVersion = 17.5.33516.290
MinimumVisualStudioVersion = 10.0.40219.1
Project("{9A19103F-16F7-4668-BE54-9A1E7A4F7556}") = "Singleton", "Singleton\Singleton.csproj", "{E4D9BE15-5BC3-42B1-BE23-C1521F510260}"
EndProject
Project("{FAE04EC0-301F-11D3-BF4B-00C04F79EFBC}") = "Builder", "Builder\Builder.csproj", "{057419FF-B7FC-43AB-A2DA-1451CD24E57F}"
EndProject
Global
	GlobalSection(SolutionConfigurationPlatforms) = preSolution
		Debug|Any CPU = Debug|Any CPU
		Release|Any CPU = Release|Any CPU
	EndGlobalSection
	GlobalSection(ProjectConfigurationPlatforms) = postSolution
		{E4D9BE15-5BC3-42B1-BE23-C1521F510260}.Debug|Any CPU.ActiveCfg = Debug|Any CPU
		{E4D9BE15-5BC3-42B1-BE23-C1521F510260}.Debug|Any CPU.Build.0 = Debug|Any CPU
		{E4D9BE15-5BC3-42B1-BE23-C1521F510260}.Release|Any CPU.ActiveCfg = Release|Any CPU
		{E4D9BE15-5BC3-42B1-BE23-C1521F510260}.Release|Any CPU.Build.0 = Release|Any CPU
		{057419FF-B7FC-43AB-A2DA-1451CD24E57F}.Debug|Any CPU.ActiveCfg = Debug|Any CPU
		{057419FF-B7FC-43AB-A2DA-1451CD24E57F}.Debug|Any CPU.Build.0 = Debug|Any CPU
		{057419FF-B7FC-43AB-A2DA-1451CD24E57F}.Release|Any CPU.ActiveCfg = Release|Any CPU
		{057419FF-B7FC-43AB-A2DA-1451CD24E57F}.Release|Any CPU.Build.0 = Release|Any CPU
	EndGlobalSection
	GlobalSection(SolutionProperties) = preSolution
		HideSolutionNode = FALSE
	EndGlobalSection
	GlobalSection(ExtensibilityGlobals) = postSolution
		SolutionGuid = {48886109-FBBE-4A96-9E07-DF5675943856}
	EndGlobalSection
EndGlobal
